// !$*UTF8*$!
{
	archiveVersion = 1;
	classes = {
	};
	objectVersion = 46;
	objects = {

/* Begin PBXBuildFile section */
		64A650231805988F006E7AF9 /* Foundation.framework in Frameworks */ = {isa = PBXBuildFile; fileRef = 64A650221805988F006E7AF9 /* Foundation.framework */; };
		64A650251805988F006E7AF9 /* CoreGraphics.framework in Frameworks */ = {isa = PBXBuildFile; fileRef = 64A650241805988F006E7AF9 /* CoreGraphics.framework */; };
		64A650271805988F006E7AF9 /* UIKit.framework in Frameworks */ = {isa = PBXBuildFile; fileRef = 64A650261805988F006E7AF9 /* UIKit.framework */; };
		64A650291805988F006E7AF9 /* SpriteKit.framework in Frameworks */ = {isa = PBXBuildFile; fileRef = 64A650281805988F006E7AF9 /* SpriteKit.framework */; };
		64A6502F1805988F006E7AF9 /* InfoPlist.strings in Resources */ = {isa = PBXBuildFile; fileRef = 64A6502D1805988F006E7AF9 /* InfoPlist.strings */; };
		64A650311805988F006E7AF9 /* main.m in Sources */ = {isa = PBXBuildFile; fileRef = 64A650301805988F006E7AF9 /* main.m */; };
		64A650351805988F006E7AF9 /* WOFAppDelegate.m in Sources */ = {isa = PBXBuildFile; fileRef = 64A650341805988F006E7AF9 /* WOFAppDelegate.m */; };
		64A650381805988F006E7AF9 /* Main.storyboard in Resources */ = {isa = PBXBuildFile; fileRef = 64A650361805988F006E7AF9 /* Main.storyboard */; };
		64A6503B1805988F006E7AF9 /* WOFViewController.m in Sources */ = {isa = PBXBuildFile; fileRef = 64A6503A1805988F006E7AF9 /* WOFViewController.m */; };
		64A6503E1805988F006E7AF9 /* WOFMyScene.m in Sources */ = {isa = PBXBuildFile; fileRef = 64A6503D1805988F006E7AF9 /* WOFMyScene.m */; };
		64A650401805988F006E7AF9 /* Spaceship.png in Resources */ = {isa = PBXBuildFile; fileRef = 64A6503F1805988F006E7AF9 /* Spaceship.png */; };
		64A650421805988F006E7AF9 /* Images.xcassets in Resources */ = {isa = PBXBuildFile; fileRef = 64A650411805988F006E7AF9 /* Images.xcassets */; };
		64A650491805988F006E7AF9 /* XCTest.framework in Frameworks */ = {isa = PBXBuildFile; fileRef = 64A650481805988F006E7AF9 /* XCTest.framework */; };
		64A6504A1805988F006E7AF9 /* Foundation.framework in Frameworks */ = {isa = PBXBuildFile; fileRef = 64A650221805988F006E7AF9 /* Foundation.framework */; };
		64A6504B1805988F006E7AF9 /* UIKit.framework in Frameworks */ = {isa = PBXBuildFile; fileRef = 64A650261805988F006E7AF9 /* UIKit.framework */; };
		64A650531805988F006E7AF9 /* InfoPlist.strings in Resources */ = {isa = PBXBuildFile; fileRef = 64A650511805988F006E7AF9 /* InfoPlist.strings */; };
		64A650551805988F006E7AF9 /* WorldOfFaithTests.m in Sources */ = {isa = PBXBuildFile; fileRef = 64A650541805988F006E7AF9 /* WorldOfFaithTests.m */; };
		64A6506318059A1F006E7AF9 /* WOFController.m in Sources */ = {isa = PBXBuildFile; fileRef = 64A6506218059A1F006E7AF9 /* WOFController.m */; };
		64A6506618059A52006E7AF9 /* WOFNewGameViewController.m in Sources */ = {isa = PBXBuildFile; fileRef = 64A6506518059A52006E7AF9 /* WOFNewGameViewController.m */; };
		64A6506A18059ABA006E7AF9 /* Race.plist in Resources */ = {isa = PBXBuildFile; fileRef = 64A6506918059ABA006E7AF9 /* Race.plist */; };
/* End PBXBuildFile section */

/* Begin PBXContainerItemProxy section */
		64A6504C1805988F006E7AF9 /* PBXContainerItemProxy */ = {
			isa = PBXContainerItemProxy;
			containerPortal = 64A650171805988F006E7AF9 /* Project object */;
			proxyType = 1;
			remoteGlobalIDString = 64A6501E1805988F006E7AF9;
			remoteInfo = WorldOfFaith;
		};
/* End PBXContainerItemProxy section */

/* Begin PBXFileReference section */
		64A6501F1805988F006E7AF9 /* WorldOfFaith.app */ = {isa = PBXFileReference; explicitFileType = wrapper.application; includeInIndex = 0; path = WorldOfFaith.app; sourceTree = BUILT_PRODUCTS_DIR; };
		64A650221805988F006E7AF9 /* Foundation.framework */ = {isa = PBXFileReference; lastKnownFileType = wrapper.framework; name = Foundation.framework; path = System/Library/Frameworks/Foundation.framework; sourceTree = SDKROOT; };
		64A650241805988F006E7AF9 /* CoreGraphics.framework */ = {isa = PBXFileReference; lastKnownFileType = wrapper.framework; name = CoreGraphics.framework; path = System/Library/Frameworks/CoreGraphics.framework; sourceTree = SDKROOT; };
		64A650261805988F006E7AF9 /* UIKit.framework */ = {isa = PBXFileReference; lastKnownFileType = wrapper.framework; name = UIKit.framework; path = System/Library/Frameworks/UIKit.framework; sourceTree = SDKROOT; };
		64A650281805988F006E7AF9 /* SpriteKit.framework */ = {isa = PBXFileReference; lastKnownFileType = wrapper.framework; name = SpriteKit.framework; path = System/Library/Frameworks/SpriteKit.framework; sourceTree = SDKROOT; };
		64A6502C1805988F006E7AF9 /* WorldOfFaith-Info.plist */ = {isa = PBXFileReference; lastKnownFileType = text.plist.xml; path = "WorldOfFaith-Info.plist"; sourceTree = "<group>"; };
		64A6502E1805988F006E7AF9 /* en */ = {isa = PBXFileReference; lastKnownFileType = text.plist.strings; name = en; path = en.lproj/InfoPlist.strings; sourceTree = "<group>"; };
		64A650301805988F006E7AF9 /* main.m */ = {isa = PBXFileReference; lastKnownFileType = sourcecode.c.objc; path = main.m; sourceTree = "<group>"; };
		64A650321805988F006E7AF9 /* WorldOfFaith-Prefix.pch */ = {isa = PBXFileReference; lastKnownFileType = sourcecode.c.h; path = "WorldOfFaith-Prefix.pch"; sourceTree = "<group>"; };
		64A650331805988F006E7AF9 /* WOFAppDelegate.h */ = {isa = PBXFileReference; lastKnownFileType = sourcecode.c.h; path = WOFAppDelegate.h; sourceTree = "<group>"; };
		64A650341805988F006E7AF9 /* WOFAppDelegate.m */ = {isa = PBXFileReference; lastKnownFileType = sourcecode.c.objc; path = WOFAppDelegate.m; sourceTree = "<group>"; };
		64A650371805988F006E7AF9 /* Base */ = {isa = PBXFileReference; lastKnownFileType = file.storyboard; name = Base; path = Base.lproj/Main.storyboard; sourceTree = "<group>"; };
		64A650391805988F006E7AF9 /* WOFViewController.h */ = {isa = PBXFileReference; lastKnownFileType = sourcecode.c.h; path = WOFViewController.h; sourceTree = "<group>"; };
		64A6503A1805988F006E7AF9 /* WOFViewController.m */ = {isa = PBXFileReference; lastKnownFileType = sourcecode.c.objc; path = WOFViewController.m; sourceTree = "<group>"; };
		64A6503C1805988F006E7AF9 /* WOFMyScene.h */ = {isa = PBXFileReference; lastKnownFileType = sourcecode.c.h; path = WOFMyScene.h; sourceTree = "<group>"; };
		64A6503D1805988F006E7AF9 /* WOFMyScene.m */ = {isa = PBXFileReference; lastKnownFileType = sourcecode.c.objc; path = WOFMyScene.m; sourceTree = "<group>"; };
		64A6503F1805988F006E7AF9 /* Spaceship.png */ = {isa = PBXFileReference; lastKnownFileType = image.png; path = Spaceship.png; sourceTree = "<group>"; };
		64A650411805988F006E7AF9 /* Images.xcassets */ = {isa = PBXFileReference; lastKnownFileType = folder.assetcatalog; path = Images.xcassets; sourceTree = "<group>"; };
		64A650471805988F006E7AF9 /* WorldOfFaithTests.xctest */ = {isa = PBXFileReference; explicitFileType = wrapper.cfbundle; includeInIndex = 0; path = WorldOfFaithTests.xctest; sourceTree = BUILT_PRODUCTS_DIR; };
		64A650481805988F006E7AF9 /* XCTest.framework */ = {isa = PBXFileReference; lastKnownFileType = wrapper.framework; name = XCTest.framework; path = Library/Frameworks/XCTest.framework; sourceTree = DEVELOPER_DIR; };
		64A650501805988F006E7AF9 /* WorldOfFaithTests-Info.plist */ = {isa = PBXFileReference; lastKnownFileType = text.plist.xml; path = "WorldOfFaithTests-Info.plist"; sourceTree = "<group>"; };
		64A650521805988F006E7AF9 /* en */ = {isa = PBXFileReference; lastKnownFileType = text.plist.strings; name = en; path = en.lproj/InfoPlist.strings; sourceTree = "<group>"; };
		64A650541805988F006E7AF9 /* WorldOfFaithTests.m */ = {isa = PBXFileReference; lastKnownFileType = sourcecode.c.objc; path = WorldOfFaithTests.m; sourceTree = "<group>"; };
		64A6506118059A1F006E7AF9 /* WOFController.h */ = {isa = PBXFileReference; fileEncoding = 4; lastKnownFileType = sourcecode.c.h; path = WOFController.h; sourceTree = "<group>"; };
		64A6506218059A1F006E7AF9 /* WOFController.m */ = {isa = PBXFileReference; fileEncoding = 4; lastKnownFileType = sourcecode.c.objc; path = WOFController.m; sourceTree = "<group>"; };
		64A6506418059A52006E7AF9 /* WOFNewGameViewController.h */ = {isa = PBXFileReference; fileEncoding = 4; lastKnownFileType = sourcecode.c.h; path = WOFNewGameViewController.h; sourceTree = "<group>"; };
		64A6506518059A52006E7AF9 /* WOFNewGameViewController.m */ = {isa = PBXFileReference; fileEncoding = 4; lastKnownFileType = sourcecode.c.objc; path = WOFNewGameViewController.m; sourceTree = "<group>"; };
		64A6506918059ABA006E7AF9 /* Race.plist */ = {isa = PBXFileReference; fileEncoding = 4; lastKnownFileType = text.plist.xml; path = Race.plist; sourceTree = "<group>"; };
		64A6506C1805A762006E7AF9 /* Constant.h */ = {isa = PBXFileReference; fileEncoding = 4; lastKnownFileType = sourcecode.c.h; path = Constant.h; sourceTree = "<group>"; };
/* End PBXFileReference section */

/* Begin PBXFrameworksBuildPhase section */
		64A6501C1805988F006E7AF9 /* Frameworks */ = {
			isa = PBXFrameworksBuildPhase;
			buildActionMask = 2147483647;
			files = (
				64A650251805988F006E7AF9 /* CoreGraphics.framework in Frameworks */,
				64A650271805988F006E7AF9 /* UIKit.framework in Frameworks */,
				64A650291805988F006E7AF9 /* SpriteKit.framework in Frameworks */,
				64A650231805988F006E7AF9 /* Foundation.framework in Frameworks */,
			);
			runOnlyForDeploymentPostprocessing = 0;
		};
		64A650441805988F006E7AF9 /* Frameworks */ = {
			isa = PBXFrameworksBuildPhase;
			buildActionMask = 2147483647;
			files = (
				64A650491805988F006E7AF9 /* XCTest.framework in Frameworks */,
				64A6504B1805988F006E7AF9 /* UIKit.framework in Frameworks */,
				64A6504A1805988F006E7AF9 /* Foundation.framework in Frameworks */,
			);
			runOnlyForDeploymentPostprocessing = 0;
		};
/* End PBXFrameworksBuildPhase section */

/* Begin PBXGroup section */
		64A650161805988F006E7AF9 = {
			isa = PBXGroup;
			children = (
				64A6502A1805988F006E7AF9 /* WorldOfFaith */,
				64A6504E1805988F006E7AF9 /* WorldOfFaithTests */,
				64A650211805988F006E7AF9 /* Frameworks */,
				64A650201805988F006E7AF9 /* Products */,
			);
			sourceTree = "<group>";
		};
		64A650201805988F006E7AF9 /* Products */ = {
			isa = PBXGroup;
			children = (
				64A6501F1805988F006E7AF9 /* WorldOfFaith.app */,
				64A650471805988F006E7AF9 /* WorldOfFaithTests.xctest */,
			);
			name = Products;
			sourceTree = "<group>";
		};
		64A650211805988F006E7AF9 /* Frameworks */ = {
			isa = PBXGroup;
			children = (
				64A650221805988F006E7AF9 /* Foundation.framework */,
				64A650241805988F006E7AF9 /* CoreGraphics.framework */,
				64A650261805988F006E7AF9 /* UIKit.framework */,
				64A650281805988F006E7AF9 /* SpriteKit.framework */,
				64A650481805988F006E7AF9 /* XCTest.framework */,
			);
			name = Frameworks;
			sourceTree = "<group>";
		};
		64A6502A1805988F006E7AF9 /* WorldOfFaith */ = {
			isa = PBXGroup;
			children = (
				64A6506B1805A73D006E7AF9 /* Common */,
				64A6506718059A6C006E7AF9 /* Plist */,
				64A6505E180599D1006E7AF9 /* Controller */,
				64A650331805988F006E7AF9 /* WOFAppDelegate.h */,
				64A650341805988F006E7AF9 /* WOFAppDelegate.m */,
				64A650361805988F006E7AF9 /* Main.storyboard */,
				64A6503C1805988F006E7AF9 /* WOFMyScene.h */,
				64A6503D1805988F006E7AF9 /* WOFMyScene.m */,
				64A6503F1805988F006E7AF9 /* Spaceship.png */,
				64A650411805988F006E7AF9 /* Images.xcassets */,
				64A6502B1805988F006E7AF9 /* Supporting Files */,
			);
			path = WorldOfFaith;
			sourceTree = "<group>";
		};
		64A6502B1805988F006E7AF9 /* Supporting Files */ = {
			isa = PBXGroup;
			children = (
				64A6502C1805988F006E7AF9 /* WorldOfFaith-Info.plist */,
				64A6502D1805988F006E7AF9 /* InfoPlist.strings */,
				64A650301805988F006E7AF9 /* main.m */,
				64A650321805988F006E7AF9 /* WorldOfFaith-Prefix.pch */,
			);
			name = "Supporting Files";
			sourceTree = "<group>";
		};
		64A6504E1805988F006E7AF9 /* WorldOfFaithTests */ = {
			isa = PBXGroup;
			children = (
				64A650541805988F006E7AF9 /* WorldOfFaithTests.m */,
				64A6504F1805988F006E7AF9 /* Supporting Files */,
			);
			path = WorldOfFaithTests;
			sourceTree = "<group>";
		};
		64A6504F1805988F006E7AF9 /* Supporting Files */ = {
			isa = PBXGroup;
			children = (
				64A650501805988F006E7AF9 /* WorldOfFaithTests-Info.plist */,
				64A650511805988F006E7AF9 /* InfoPlist.strings */,
			);
			name = "Supporting Files";
			sourceTree = "<group>";
		};
		64A6505E180599D1006E7AF9 /* Controller */ = {
			isa = PBXGroup;
			children = (
				64A65060180599EA006E7AF9 /* NewGame */,
				64A6505F180599DD006E7AF9 /* IndexMenu */,
				64A6506118059A1F006E7AF9 /* WOFController.h */,
				64A6506218059A1F006E7AF9 /* WOFController.m */,
			);
			name = Controller;
			sourceTree = "<group>";
		};
		64A6505F180599DD006E7AF9 /* IndexMenu */ = {
			isa = PBXGroup;
			children = (
				64A650391805988F006E7AF9 /* WOFViewController.h */,
				64A6503A1805988F006E7AF9 /* WOFViewController.m */,
			);
			name = IndexMenu;
			sourceTree = "<group>";
		};
		64A65060180599EA006E7AF9 /* NewGame */ = {
			isa = PBXGroup;
			children = (
				64A6506418059A52006E7AF9 /* WOFNewGameViewController.h */,
				64A6506518059A52006E7AF9 /* WOFNewGameViewController.m */,
			);
			name = NewGame;
			sourceTree = "<group>";
		};
		64A6506718059A6C006E7AF9 /* Plist */ = {
			isa = PBXGroup;
			children = (
				64A6506818059A7A006E7AF9 /* Charactor */,
			);
			name = Plist;
			sourceTree = "<group>";
		};
		64A6506818059A7A006E7AF9 /* Charactor */ = {
			isa = PBXGroup;
			children = (
				64A6506918059ABA006E7AF9 /* Race.plist */,
			);
			name = Charactor;
			sourceTree = "<group>";
		};
		64A6506B1805A73D006E7AF9 /* Common */ = {
			isa = PBXGroup;
			children = (
				64A6506C1805A762006E7AF9 /* Constant.h */,
			);
			name = Common;
			sourceTree = "<group>";
		};
/* End PBXGroup section */

/* Begin PBXNativeTarget section */
		64A6501E1805988F006E7AF9 /* WorldOfFaith */ = {
			isa = PBXNativeTarget;
			buildConfigurationList = 64A650581805988F006E7AF9 /* Build configuration list for PBXNativeTarget "WorldOfFaith" */;
			buildPhases = (
				64A6501B1805988F006E7AF9 /* Sources */,
				64A6501C1805988F006E7AF9 /* Frameworks */,
				64A6501D1805988F006E7AF9 /* Resources */,
			);
			buildRules = (
			);
			dependencies = (
			);
			name = WorldOfFaith;
			productName = WorldOfFaith;
			productReference = 64A6501F1805988F006E7AF9 /* WorldOfFaith.app */;
			productType = "com.apple.product-type.application";
		};
		64A650461805988F006E7AF9 /* WorldOfFaithTests */ = {
			isa = PBXNativeTarget;
			buildConfigurationList = 64A6505B1805988F006E7AF9 /* Build configuration list for PBXNativeTarget "WorldOfFaithTests" */;
			buildPhases = (
				64A650431805988F006E7AF9 /* Sources */,
				64A650441805988F006E7AF9 /* Frameworks */,
				64A650451805988F006E7AF9 /* Resources */,
			);
			buildRules = (
			);
			dependencies = (
				64A6504D1805988F006E7AF9 /* PBXTargetDependency */,
			);
			name = WorldOfFaithTests;
			productName = WorldOfFaithTests;
			productReference = 64A650471805988F006E7AF9 /* WorldOfFaithTests.xctest */;
			productType = "com.apple.product-type.bundle.unit-test";
		};
/* End PBXNativeTarget section */

/* Begin PBXProject section */
		64A650171805988F006E7AF9 /* Project object */ = {
			isa = PBXProject;
			attributes = {
				CLASSPREFIX = WOF;
				LastUpgradeCheck = 0500;
				ORGANIZATIONNAME = Raphael;
				TargetAttributes = {
					64A650461805988F006E7AF9 = {
						TestTargetID = 64A6501E1805988F006E7AF9;
					};
				};
			};
			buildConfigurationList = 64A6501A1805988F006E7AF9 /* Build configuration list for PBXProject "WorldOfFaith" */;
			compatibilityVersion = "Xcode 3.2";
			developmentRegion = English;
			hasScannedForEncodings = 0;
			knownRegions = (
				en,
				Base,
			);
			mainGroup = 64A650161805988F006E7AF9;
			productRefGroup = 64A650201805988F006E7AF9 /* Products */;
			projectDirPath = "";
			projectRoot = "";
			targets = (
				64A6501E1805988F006E7AF9 /* WorldOfFaith */,
				64A650461805988F006E7AF9 /* WorldOfFaithTests */,
			);
		};
/* End PBXProject section */

/* Begin PBXResourcesBuildPhase section */
		64A6501D1805988F006E7AF9 /* Resources */ = {
			isa = PBXResourcesBuildPhase;
			buildActionMask = 2147483647;
			files = (
				64A6502F1805988F006E7AF9 /* InfoPlist.strings in Resources */,
				64A650421805988F006E7AF9 /* Images.xcassets in Resources */,
				64A650401805988F006E7AF9 /* Spaceship.png in Resources */,
				64A6506A18059ABA006E7AF9 /* Race.plist in Resources */,
				64A650381805988F006E7AF9 /* Main.storyboard in Resources */,
			);
			runOnlyForDeploymentPostprocessing = 0;
		};
		64A650451805988F006E7AF9 /* Resources */ = {
			isa = PBXResourcesBuildPhase;
			buildActionMask = 2147483647;
			files = (
				64A650531805988F006E7AF9 /* InfoPlist.strings in Resources */,
			);
			runOnlyForDeploymentPostprocessing = 0;
		};
/* End PBXResourcesBuildPhase section */

/* Begin PBXSourcesBuildPhase section */
		64A6501B1805988F006E7AF9 /* Sources */ = {
			isa = PBXSourcesBuildPhase;
			buildActionMask = 2147483647;
			files = (
				64A650311805988F006E7AF9 /* main.m in Sources */,
				64A650351805988F006E7AF9 /* WOFAppDelegate.m in Sources */,
				64A6506318059A1F006E7AF9 /* WOFController.m in Sources */,
				64A6503B1805988F006E7AF9 /* WOFViewController.m in Sources */,
				64A6506618059A52006E7AF9 /* WOFNewGameViewController.m in Sources */,
				64A6503E1805988F006E7AF9 /* WOFMyScene.m in Sources */,
			);
			runOnlyForDeploymentPostprocessing = 0;
		};
		64A650431805988F006E7AF9 /* Sources */ = {
			isa = PBXSourcesBuildPhase;
			buildActionMask = 2147483647;
			files = (
				64A650551805988F006E7AF9 /* WorldOfFaithTests.m in Sources */,
			);
			runOnlyForDeploymentPostprocessing = 0;
		};
/* End PBXSourcesBuildPhase section */

/* Begin PBXTargetDependency section */
		64A6504D1805988F006E7AF9 /* PBXTargetDependency */ = {
			isa = PBXTargetDependency;
			target = 64A6501E1805988F006E7AF9 /* WorldOfFaith */;
			targetProxy = 64A6504C1805988F006E7AF9 /* PBXContainerItemProxy */;
		};
/* End PBXTargetDependency section */

/* Begin PBXVariantGroup section */
		64A6502D1805988F006E7AF9 /* InfoPlist.strings */ = {
			isa = PBXVariantGroup;
			children = (
				64A6502E1805988F006E7AF9 /* en */,
			);
			name = InfoPlist.strings;
			sourceTree = "<group>";
		};
		64A650361805988F006E7AF9 /* Main.storyboard */ = {
			isa = PBXVariantGroup;
			children = (
				64A650371805988F006E7AF9 /* Base */,
			);
			name = Main.storyboard;
			sourceTree = "<group>";
		};
		64A650511805988F006E7AF9 /* InfoPlist.strings */ = {
			isa = PBXVariantGroup;
			children = (
				64A650521805988F006E7AF9 /* en */,
			);
			name = InfoPlist.strings;
			sourceTree = "<group>";
		};
/* End PBXVariantGroup section */

/* Begin XCBuildConfiguration section */
		64A650561805988F006E7AF9 /* Debug */ = {
			isa = XCBuildConfiguration;
			buildSettings = {
				ALWAYS_SEARCH_USER_PATHS = NO;
				ARCHS = "$(ARCHS_STANDARD_INCLUDING_64_BIT)";
				CLANG_CXX_LANGUAGE_STANDARD = "gnu++0x";
				CLANG_CXX_LIBRARY = "libc++";
				CLANG_ENABLE_MODULES = YES;
				CLANG_ENABLE_OBJC_ARC = YES;
				CLANG_WARN_BOOL_CONVERSION = YES;
				CLANG_WARN_CONSTANT_CONVERSION = YES;
				CLANG_WARN_DIRECT_OBJC_ISA_USAGE = YES_ERROR;
				CLANG_WARN_EMPTY_BODY = YES;
				CLANG_WARN_ENUM_CONVERSION = YES;
				CLANG_WARN_INT_CONVERSION = YES;
				CLANG_WARN_OBJC_ROOT_CLASS = YES_ERROR;
				CLANG_WARN__DUPLICATE_METHOD_MATCH = YES;
				"CODE_SIGN_IDENTITY[sdk=iphoneos*]" = "iPhone Developer";
				COPY_PHASE_STRIP = NO;
				GCC_C_LANGUAGE_STANDARD = gnu99;
				GCC_DYNAMIC_NO_PIC = NO;
				GCC_OPTIMIZATION_LEVEL = 0;
				GCC_PREPROCESSOR_DEFINITIONS = (
					"DEBUG=1",
					"$(inherited)",
				);
				GCC_SYMBOLS_PRIVATE_EXTERN = NO;
				GCC_WARN_64_TO_32_BIT_CONVERSION = YES;
				GCC_WARN_ABOUT_RETURN_TYPE = YES_ERROR;
				GCC_WARN_UNDECLARED_SELECTOR = YES;
				GCC_WARN_UNINITIALIZED_AUTOS = YES;
				GCC_WARN_UNUSED_FUNCTION = YES;
				GCC_WARN_UNUSED_VARIABLE = YES;
				IPHONEOS_DEPLOYMENT_TARGET = 7.0;
				ONLY_ACTIVE_ARCH = YES;
				SDKROOT = iphoneos;
			};
			name = Debug;
		};
		64A650571805988F006E7AF9 /* Release */ = {
			isa = XCBuildConfiguration;
			buildSettings = {
				ALWAYS_SEARCH_USER_PATHS = NO;
				ARCHS = "$(ARCHS_STANDARD_INCLUDING_64_BIT)";
				CLANG_CXX_LANGUAGE_STANDARD = "gnu++0x";
				CLANG_CXX_LIBRARY = "libc++";
				CLANG_ENABLE_MODULES = YES;
				CLANG_ENABLE_OBJC_ARC = YES;
				CLANG_WARN_BOOL_CONVERSION = YES;
				CLANG_WARN_CONSTANT_CONVERSION = YES;
				CLANG_WARN_DIRECT_OBJC_ISA_USAGE = YES_ERROR;
				CLANG_WARN_EMPTY_BODY = YES;
				CLANG_WARN_ENUM_CONVERSION = YES;
				CLANG_WARN_INT_CONVERSION = YES;
				CLANG_WARN_OBJC_ROOT_CLASS = YES_ERROR;
				CLANG_WARN__DUPLICATE_METHOD_MATCH = YES;
				"CODE_SIGN_IDENTITY[sdk=iphoneos*]" = "iPhone Developer";
				COPY_PHASE_STRIP = YES;
				ENABLE_NS_ASSERTIONS = NO;
				GCC_C_LANGUAGE_STANDARD = gnu99;
				GCC_WARN_64_TO_32_BIT_CONVERSION = YES;
				GCC_WARN_ABOUT_RETURN_TYPE = YES_ERROR;
				GCC_WARN_UNDECLARED_SELECTOR = YES;
				GCC_WARN_UNINITIALIZED_AUTOS = YES;
				GCC_WARN_UNUSED_FUNCTION = YES;
				GCC_WARN_UNUSED_VARIABLE = YES;
				IPHONEOS_DEPLOYMENT_TARGET = 7.0;
				SDKROOT = iphoneos;
				VALIDATE_PRODUCT = YES;
			};
			name = Release;
		};
		64A650591805988F006E7AF9 /* Debug */ = {
			isa = XCBuildConfiguration;
			buildSettings = {
				ASSETCATALOG_COMPILER_APPICON_NAME = AppIcon;
				ASSETCATALOG_COMPILER_LAUNCHIMAGE_NAME = LaunchImage;
				GCC_PRECOMPILE_PREFIX_HEADER = YES;
				GCC_PREFIX_HEADER = "WorldOfFaith/WorldOfFaith-Prefix.pch";
				INFOPLIST_FILE = "WorldOfFaith/WorldOfFaith-Info.plist";
				PRODUCT_NAME = "$(TARGET_NAME)";
				SPRITEKIT_TEXTURE_ATLAS_OUTPUT = YES;
				WRAPPER_EXTENSION = app;
			};
			name = Debug;
		};
		64A6505A1805988F006E7AF9 /* Release */ = {
			isa = XCBuildConfiguration;
			buildSettings = {
				ASSETCATALOG_COMPILER_APPICON_NAME = AppIcon;
				ASSETCATALOG_COMPILER_LAUNCHIMAGE_NAME = LaunchImage;
				GCC_PRECOMPILE_PREFIX_HEADER = YES;
				GCC_PREFIX_HEADER = "WorldOfFaith/WorldOfFaith-Prefix.pch";
				INFOPLIST_FILE = "WorldOfFaith/WorldOfFaith-Info.plist";
				PRODUCT_NAME = "$(TARGET_NAME)";
				SPRITEKIT_TEXTURE_ATLAS_OUTPUT = YES;
				WRAPPER_EXTENSION = app;
			};
			name = Release;
		};
		64A6505C1805988F006E7AF9 /* Debug */ = {
			isa = XCBuildConfiguration;
			buildSettings = {
				ARCHS = "$(ARCHS_STANDARD_INCLUDING_64_BIT)";
				BUNDLE_LOADER = "$(BUILT_PRODUCTS_DIR)/WorldOfFaith.app/WorldOfFaith";
				FRAMEWORK_SEARCH_PATHS = (
					"$(SDKROOT)/Developer/Library/Frameworks",
					"$(inherited)",
					"$(DEVELOPER_FRAMEWORKS_DIR)",
				);
				GCC_PRECOMPILE_PREFIX_HEADER = YES;
				GCC_PREFIX_HEADER = "WorldOfFaith/WorldOfFaith-Prefix.pch";
				GCC_PREPROCESSOR_DEFINITIONS = (
					"DEBUG=1",
					"$(inherited)",
				);
				INFOPLIST_FILE = "WorldOfFaithTests/WorldOfFaithTests-Info.plist";
				PRODUCT_NAME = "$(TARGET_NAME)";
				TEST_HOST = "$(BUNDLE_LOADER)";
				WRAPPER_EXTENSION = xctest;
			};
			name = Debug;
		};
		64A6505D1805988F006E7AF9 /* Release */ = {
			isa = XCBuildConfiguration;
			buildSettings = {
				ARCHS = "$(ARCHS_STANDARD_INCLUDING_64_BIT)";
				BUNDLE_LOADER = "$(BUILT_PRODUCTS_DIR)/WorldOfFaith.app/WorldOfFaith";
				FRAMEWORK_SEARCH_PATHS = (
					"$(SDKROOT)/Developer/Library/Frameworks",
					"$(inherited)",
					"$(DEVELOPER_FRAMEWORKS_DIR)",
				);
				GCC_PRECOMPILE_PREFIX_HEADER = YES;
				GCC_PREFIX_HEADER = "WorldOfFaith/WorldOfFaith-Prefix.pch";
				INFOPLIST_FILE = "WorldOfFaithTests/WorldOfFaithTests-Info.plist";
				PRODUCT_NAME = "$(TARGET_NAME)";
				TEST_HOST = "$(BUNDLE_LOADER)";
				WRAPPER_EXTENSION = xctest;
			};
			name = Release;
		};
/* End XCBuildConfiguration section */

/* Begin XCConfigurationList section */
		64A6501A1805988F006E7AF9 /* Build configuration list for PBXProject "WorldOfFaith" */ = {
			isa = XCConfigurationList;
			buildConfigurations = (
				64A650561805988F006E7AF9 /* Debug */,
				64A650571805988F006E7AF9 /* Release */,
			);
			defaultConfigurationIsVisible = 0;
			defaultConfigurationName = Release;
		};
		64A650581805988F006E7AF9 /* Build configuration list for PBXNativeTarget "WorldOfFaith" */ = {
			isa = XCConfigurationList;
			buildConfigurations = (
				64A650591805988F006E7AF9 /* Debug */,
				64A6505A1805988F006E7AF9 /* Release */,
			);
			defaultConfigurationIsVisible = 0;
		};
		64A6505B1805988F006E7AF9 /* Build configuration list for PBXNativeTarget "WorldOfFaithTests" */ = {
			isa = XCConfigurationList;
			buildConfigurations = (
				64A6505C1805988F006E7AF9 /* Debug */,
				64A6505D1805988F006E7AF9 /* Release */,
			);
			defaultConfigurationIsVisible = 0;
		};
/* End XCConfigurationList section */
	};
	rootObject = 64A650171805988F006E7AF9 /* Project object */;
}
